// !$*UTF8*$!
{
	archiveVersion = 1;
	classes = {
	};
	objectVersion = 46;
	objects = {

/* Begin PBXBuildFile section */
		000827A21A0CA84E000F1680 /* main.m in Sources */ = {isa = PBXBuildFile; fileRef = 000827A11A0CA84E000F1680 /* main.m */; };
		000827A51A0CA84E000F1680 /* AppDelegate.m in Sources */ = {isa = PBXBuildFile; fileRef = 000827A41A0CA84E000F1680 /* AppDelegate.m */; };
		000827A81A0CA84E000F1680 /* ViewController.m in Sources */ = {isa = PBXBuildFile; fileRef = 000827A71A0CA84E000F1680 /* ViewController.m */; };
		000827AB1A0CA84E000F1680 /* Main.storyboard in Resources */ = {isa = PBXBuildFile; fileRef = 000827A91A0CA84E000F1680 /* Main.storyboard */; };
		000827AD1A0CA84E000F1680 /* Images.xcassets in Resources */ = {isa = PBXBuildFile; fileRef = 000827AC1A0CA84E000F1680 /* Images.xcassets */; };
		000827B01A0CA84E000F1680 /* LaunchScreen.xib in Resources */ = {isa = PBXBuildFile; fileRef = 000827AE1A0CA84E000F1680 /* LaunchScreen.xib */; };
		000827BC1A0CA84E000F1680 /* BeaconTests.m in Sources */ = {isa = PBXBuildFile; fileRef = 000827BB1A0CA84E000F1680 /* BeaconTests.m */; };
		009183A11A0CE57D002EF4B4 /* BeaconTableViewCell.m in Sources */ = {isa = PBXBuildFile; fileRef = 009183A01A0CE57D002EF4B4 /* BeaconTableViewCell.m */; };
		97D8704F96033697635B0CDF /* libPods-Beacon.a in Frameworks */ = {isa = PBXBuildFile; fileRef = 73D34F2CEF6328BF306F744F /* libPods-Beacon.a */; };
/* End PBXBuildFile section */

/* Begin PBXContainerItemProxy section */
		000827B61A0CA84E000F1680 /* PBXContainerItemProxy */ = {
			isa = PBXContainerItemProxy;
			containerPortal = 000827941A0CA84E000F1680 /* Project object */;
			proxyType = 1;
			remoteGlobalIDString = 0008279B1A0CA84E000F1680;
			remoteInfo = Beacon;
		};
/* End PBXContainerItemProxy section */

/* Begin PBXFileReference section */
		0008279C1A0CA84E000F1680 /* Beacon.app */ = {isa = PBXFileReference; explicitFileType = wrapper.application; includeInIndex = 0; path = Beacon.app; sourceTree = BUILT_PRODUCTS_DIR; };
		000827A01A0CA84E000F1680 /* Info.plist */ = {isa = PBXFileReference; lastKnownFileType = text.plist.xml; path = Info.plist; sourceTree = "<group>"; };
		000827A11A0CA84E000F1680 /* main.m */ = {isa = PBXFileReference; lastKnownFileType = sourcecode.c.objc; path = main.m; sourceTree = "<group>"; };
		000827A31A0CA84E000F1680 /* AppDelegate.h */ = {isa = PBXFileReference; lastKnownFileType = sourcecode.c.h; path = AppDelegate.h; sourceTree = "<group>"; };
		000827A41A0CA84E000F1680 /* AppDelegate.m */ = {isa = PBXFileReference; lastKnownFileType = sourcecode.c.objc; path = AppDelegate.m; sourceTree = "<group>"; };
		000827A61A0CA84E000F1680 /* ViewController.h */ = {isa = PBXFileReference; lastKnownFileType = sourcecode.c.h; path = ViewController.h; sourceTree = "<group>"; };
		000827A71A0CA84E000F1680 /* ViewController.m */ = {isa = PBXFileReference; lastKnownFileType = sourcecode.c.objc; path = ViewController.m; sourceTree = "<group>"; };
		000827AA1A0CA84E000F1680 /* Base */ = {isa = PBXFileReference; lastKnownFileType = file.storyboard; name = Base; path = Base.lproj/Main.storyboard; sourceTree = "<group>"; };
		000827AC1A0CA84E000F1680 /* Images.xcassets */ = {isa = PBXFileReference; lastKnownFileType = folder.assetcatalog; path = Images.xcassets; sourceTree = "<group>"; };
		000827AF1A0CA84E000F1680 /* Base */ = {isa = PBXFileReference; lastKnownFileType = file.xib; name = Base; path = Base.lproj/LaunchScreen.xib; sourceTree = "<group>"; };
		000827B51A0CA84E000F1680 /* BeaconTests.xctest */ = {isa = PBXFileReference; explicitFileType = wrapper.cfbundle; includeInIndex = 0; path = BeaconTests.xctest; sourceTree = BUILT_PRODUCTS_DIR; };
		000827BA1A0CA84E000F1680 /* Info.plist */ = {isa = PBXFileReference; lastKnownFileType = text.plist.xml; path = Info.plist; sourceTree = "<group>"; };
		000827BB1A0CA84E000F1680 /* BeaconTests.m */ = {isa = PBXFileReference; lastKnownFileType = sourcecode.c.objc; path = BeaconTests.m; sourceTree = "<group>"; };
		0091839F1A0CE57D002EF4B4 /* BeaconTableViewCell.h */ = {isa = PBXFileReference; fileEncoding = 4; lastKnownFileType = sourcecode.c.h; path = BeaconTableViewCell.h; sourceTree = "<group>"; };
		009183A01A0CE57D002EF4B4 /* BeaconTableViewCell.m */ = {isa = PBXFileReference; fileEncoding = 4; lastKnownFileType = sourcecode.c.objc; path = BeaconTableViewCell.m; sourceTree = "<group>"; };
		6918D30ED27914CB0A3CC390 /* Pods-Beacon.debug.xcconfig */ = {isa = PBXFileReference; includeInIndex = 1; lastKnownFileType = text.xcconfig; name = "Pods-Beacon.debug.xcconfig"; path = "Pods/Target Support Files/Pods-Beacon/Pods-Beacon.debug.xcconfig"; sourceTree = "<group>"; };
		73D34F2CEF6328BF306F744F /* libPods-Beacon.a */ = {isa = PBXFileReference; explicitFileType = archive.ar; includeInIndex = 0; path = "libPods-Beacon.a"; sourceTree = BUILT_PRODUCTS_DIR; };
		8BE8637E19BC1DD6933FCBE9 /* Pods-Beacon.release.xcconfig */ = {isa = PBXFileReference; includeInIndex = 1; lastKnownFileType = text.xcconfig; name = "Pods-Beacon.release.xcconfig"; path = "Pods/Target Support Files/Pods-Beacon/Pods-Beacon.release.xcconfig"; sourceTree = "<group>"; };
/* End PBXFileReference section */

/* Begin PBXFrameworksBuildPhase section */
		000827991A0CA84E000F1680 /* Frameworks */ = {
			isa = PBXFrameworksBuildPhase;
			buildActionMask = 2147483647;
			files = (
				97D8704F96033697635B0CDF /* libPods-Beacon.a in Frameworks */,
			);
			runOnlyForDeploymentPostprocessing = 0;
		};
		000827B21A0CA84E000F1680 /* Frameworks */ = {
			isa = PBXFrameworksBuildPhase;
			buildActionMask = 2147483647;
			files = (
			);
			runOnlyForDeploymentPostprocessing = 0;
		};
/* End PBXFrameworksBuildPhase section */

/* Begin PBXGroup section */
		000827931A0CA84E000F1680 = {
			isa = PBXGroup;
			children = (
				0008279E1A0CA84E000F1680 /* Beacon */,
				000827B81A0CA84E000F1680 /* BeaconTests */,
				0008279D1A0CA84E000F1680 /* Products */,
				2A2DD65D897167FC02F783AE /* Pods */,
				20E53EAE8A2D79EE8AA1F7E8 /* Frameworks */,
			);
			sourceTree = "<group>";
		};
		0008279D1A0CA84E000F1680 /* Products */ = {
			isa = PBXGroup;
			children = (
				0008279C1A0CA84E000F1680 /* Beacon.app */,
				000827B51A0CA84E000F1680 /* BeaconTests.xctest */,
			);
			name = Products;
			sourceTree = "<group>";
		};
		0008279E1A0CA84E000F1680 /* Beacon */ = {
			isa = PBXGroup;
			children = (
				000827A31A0CA84E000F1680 /* AppDelegate.h */,
				000827A41A0CA84E000F1680 /* AppDelegate.m */,
				000827A61A0CA84E000F1680 /* ViewController.h */,
				000827A71A0CA84E000F1680 /* ViewController.m */,
				000827A91A0CA84E000F1680 /* Main.storyboard */,
				0091839F1A0CE57D002EF4B4 /* BeaconTableViewCell.h */,
				009183A01A0CE57D002EF4B4 /* BeaconTableViewCell.m */,
				000827AC1A0CA84E000F1680 /* Images.xcassets */,
				000827AE1A0CA84E000F1680 /* LaunchScreen.xib */,
				0008279F1A0CA84E000F1680 /* Supporting Files */,
			);
			path = Beacon;
			sourceTree = "<group>";
		};
		0008279F1A0CA84E000F1680 /* Supporting Files */ = {
			isa = PBXGroup;
			children = (
				000827A01A0CA84E000F1680 /* Info.plist */,
				000827A11A0CA84E000F1680 /* main.m */,
			);
			name = "Supporting Files";
			sourceTree = "<group>";
		};
		000827B81A0CA84E000F1680 /* BeaconTests */ = {
			isa = PBXGroup;
			children = (
				000827BB1A0CA84E000F1680 /* BeaconTests.m */,
				000827B91A0CA84E000F1680 /* Supporting Files */,
			);
			path = BeaconTests;
			sourceTree = "<group>";
		};
		000827B91A0CA84E000F1680 /* Supporting Files */ = {
			isa = PBXGroup;
			children = (
				000827BA1A0CA84E000F1680 /* Info.plist */,
			);
			name = "Supporting Files";
			sourceTree = "<group>";
		};
		20E53EAE8A2D79EE8AA1F7E8 /* Frameworks */ = {
			isa = PBXGroup;
			children = (
				73D34F2CEF6328BF306F744F /* libPods-Beacon.a */,
			);
			name = Frameworks;
			sourceTree = "<group>";
		};
		2A2DD65D897167FC02F783AE /* Pods */ = {
			isa = PBXGroup;
			children = (
				6918D30ED27914CB0A3CC390 /* Pods-Beacon.debug.xcconfig */,
				8BE8637E19BC1DD6933FCBE9 /* Pods-Beacon.release.xcconfig */,
			);
			name = Pods;
			sourceTree = "<group>";
		};
/* End PBXGroup section */

/* Begin PBXNativeTarget section */
		0008279B1A0CA84E000F1680 /* Beacon */ = {
			isa = PBXNativeTarget;
			buildConfigurationList = 000827BF1A0CA84E000F1680 /* Build configuration list for PBXNativeTarget "Beacon" */;
			buildPhases = (
				10EBB33D21EC123B3FF99B5A /* Check Pods Manifest.lock */,
				000827981A0CA84E000F1680 /* Sources */,
				000827991A0CA84E000F1680 /* Frameworks */,
				0008279A1A0CA84E000F1680 /* Resources */,
				6BA189B6A7DC8FC018D254AB /* Copy Pods Resources */,
			);
			buildRules = (
			);
			dependencies = (
			);
			name = Beacon;
			productName = Beacon;
			productReference = 0008279C1A0CA84E000F1680 /* Beacon.app */;
			productType = "com.apple.product-type.application";
		};
		000827B41A0CA84E000F1680 /* BeaconTests */ = {
			isa = PBXNativeTarget;
			buildConfigurationList = 000827C21A0CA84E000F1680 /* Build configuration list for PBXNativeTarget "BeaconTests" */;
			buildPhases = (
				000827B11A0CA84E000F1680 /* Sources */,
				000827B21A0CA84E000F1680 /* Frameworks */,
				000827B31A0CA84E000F1680 /* Resources */,
			);
			buildRules = (
			);
			dependencies = (
				000827B71A0CA84E000F1680 /* PBXTargetDependency */,
			);
			name = BeaconTests;
			productName = BeaconTests;
			productReference = 000827B51A0CA84E000F1680 /* BeaconTests.xctest */;
			productType = "com.apple.product-type.bundle.unit-test";
		};
/* End PBXNativeTarget section */

/* Begin PBXProject section */
		000827941A0CA84E000F1680 /* Project object */ = {
			isa = PBXProject;
			attributes = {
				LastUpgradeCheck = 0610;
				ORGANIZATIONNAME = "Grapevine Interactive";
				TargetAttributes = {
					0008279B1A0CA84E000F1680 = {
						CreatedOnToolsVersion = 6.1;
						SystemCapabilities = {
							com.apple.BackgroundModes = {
								enabled = 1;
							};
						};
					};
					000827B41A0CA84E000F1680 = {
						CreatedOnToolsVersion = 6.1;
						TestTargetID = 0008279B1A0CA84E000F1680;
					};
				};
			};
			buildConfigurationList = 000827971A0CA84E000F1680 /* Build configuration list for PBXProject "Beacon" */;
			compatibilityVersion = "Xcode 3.2";
			developmentRegion = English;
			hasScannedForEncodings = 0;
			knownRegions = (
				en,
				Base,
			);
			mainGroup = 000827931A0CA84E000F1680;
			productRefGroup = 0008279D1A0CA84E000F1680 /* Products */;
			projectDirPath = "";
			projectRoot = "";
			targets = (
				0008279B1A0CA84E000F1680 /* Beacon */,
				000827B41A0CA84E000F1680 /* BeaconTests */,
			);
		};
/* End PBXProject section */

/* Begin PBXResourcesBuildPhase section */
		0008279A1A0CA84E000F1680 /* Resources */ = {
			isa = PBXResourcesBuildPhase;
			buildActionMask = 2147483647;
			files = (
				000827AB1A0CA84E000F1680 /* Main.storyboard in Resources */,
				000827B01A0CA84E000F1680 /* LaunchScreen.xib in Resources */,
				000827AD1A0CA84E000F1680 /* Images.xcassets in Resources */,
			);
			runOnlyForDeploymentPostprocessing = 0;
		};
		000827B31A0CA84E000F1680 /* Resources */ = {
			isa = PBXResourcesBuildPhase;
			buildActionMask = 2147483647;
			files = (
			);
			runOnlyForDeploymentPostprocessing = 0;
		};
/* End PBXResourcesBuildPhase section */

/* Begin PBXShellScriptBuildPhase section */
		10EBB33D21EC123B3FF99B5A /* Check Pods Manifest.lock */ = {
			isa = PBXShellScriptBuildPhase;
			buildActionMask = 2147483647;
			files = (
			);
			inputPaths = (
			);
			name = "Check Pods Manifest.lock";
			outputPaths = (
			);
			runOnlyForDeploymentPostprocessing = 0;
			shellPath = /bin/sh;
			shellScript = "diff \"${PODS_ROOT}/../Podfile.lock\" \"${PODS_ROOT}/Manifest.lock\" > /dev/null\nif [[ $? != 0 ]] ; then\n    cat << EOM\nerror: The sandbox is not in sync with the Podfile.lock. Run 'pod install' or update your CocoaPods installation.\nEOM\n    exit 1\nfi\n";
			showEnvVarsInLog = 0;
		};
		6BA189B6A7DC8FC018D254AB /* Copy Pods Resources */ = {
			isa = PBXShellScriptBuildPhase;
			buildActionMask = 2147483647;
			files = (
			);
			inputPaths = (
			);
			name = "Copy Pods Resources";
			outputPaths = (
			);
			runOnlyForDeploymentPostprocessing = 0;
			shellPath = /bin/sh;
			shellScript = "\"${SRCROOT}/Pods/Target Support Files/Pods-Beacon/Pods-Beacon-resources.sh\"\n";
			showEnvVarsInLog = 0;
		};
/* End PBXShellScriptBuildPhase section */

/* Begin PBXSourcesBuildPhase section */
		000827981A0CA84E000F1680 /* Sources */ = {
			isa = PBXSourcesBuildPhase;
			buildActionMask = 2147483647;
			files = (
				000827A81A0CA84E000F1680 /* ViewController.m in Sources */,
				000827A51A0CA84E000F1680 /* AppDelegate.m in Sources */,
				000827A21A0CA84E000F1680 /* main.m in Sources */,
				009183A11A0CE57D002EF4B4 /* BeaconTableViewCell.m in Sources */,
			);
			runOnlyForDeploymentPostprocessing = 0;
		};
		000827B11A0CA84E000F1680 /* Sources */ = {
			isa = PBXSourcesBuildPhase;
			buildActionMask = 2147483647;
			files = (
				000827BC1A0CA84E000F1680 /* BeaconTests.m in Sources */,
			);
			runOnlyForDeploymentPostprocessing = 0;
		};
/* End PBXSourcesBuildPhase section */

/* Begin PBXTargetDependency section */
		000827B71A0CA84E000F1680 /* PBXTargetDependency */ = {
			isa = PBXTargetDependency;
			target = 0008279B1A0CA84E000F1680 /* Beacon */;
			targetProxy = 000827B61A0CA84E000F1680 /* PBXContainerItemProxy */;
		};
/* End PBXTargetDependency section */

/* Begin PBXVariantGroup section */
		000827A91A0CA84E000F1680 /* Main.storyboard */ = {
			isa = PBXVariantGroup;
			children = (
				000827AA1A0CA84E000F1680 /* Base */,
			);
			name = Main.storyboard;
			sourceTree = "<group>";
		};
		000827AE1A0CA84E000F1680 /* LaunchScreen.xib */ = {
			isa = PBXVariantGroup;
			children = (
				000827AF1A0CA84E000F1680 /* Base */,
			);
			name = LaunchScreen.xib;
			sourceTree = "<group>";
		};
/* End PBXVariantGroup section */

/* Begin XCBuildConfiguration section */
		000827BD1A0CA84E000F1680 /* Debug */ = {
			isa = XCBuildConfiguration;
			buildSettings = {
				ALWAYS_SEARCH_USER_PATHS = NO;
				CLANG_CXX_LANGUAGE_STANDARD = "gnu++0x";
				CLANG_CXX_LIBRARY = "libc++";
				CLANG_ENABLE_MODULES = YES;
				CLANG_ENABLE_OBJC_ARC = YES;
				CLANG_WARN_BOOL_CONVERSION = YES;
				CLANG_WARN_CONSTANT_CONVERSION = YES;
				CLANG_WARN_DIRECT_OBJC_ISA_USAGE = YES_ERROR;
				CLANG_WARN_EMPTY_BODY = YES;
				CLANG_WARN_ENUM_CONVERSION = YES;
				CLANG_WARN_INT_CONVERSION = YES;
				CLANG_WARN_OBJC_ROOT_CLASS = YES_ERROR;
				CLANG_WARN_UNREACHABLE_CODE = YES;
				CLANG_WARN__DUPLICATE_METHOD_MATCH = YES;
				"CODE_SIGN_IDENTITY[sdk=iphoneos*]" = "iPhone Developer";
				COPY_PHASE_STRIP = NO;
				ENABLE_STRICT_OBJC_MSGSEND = YES;
				GCC_C_LANGUAGE_STANDARD = gnu99;
				GCC_DYNAMIC_NO_PIC = NO;
				GCC_OPTIMIZATION_LEVEL = 0;
				GCC_PREPROCESSOR_DEFINITIONS = (
					"DEBUG=1",
					"$(inherited)",
				);
				GCC_SYMBOLS_PRIVATE_EXTERN = NO;
				GCC_WARN_64_TO_32_BIT_CONVERSION = YES;
				GCC_WARN_ABOUT_RETURN_TYPE = YES_ERROR;
				GCC_WARN_UNDECLARED_SELECTOR = YES;
				GCC_WARN_UNINITIALIZED_AUTOS = YES_AGGRESSIVE;
				GCC_WARN_UNUSED_FUNCTION = YES;
				GCC_WARN_UNUSED_VARIABLE = YES;
				IPHONEOS_DEPLOYMENT_TARGET = 8.1;
				MTL_ENABLE_DEBUG_INFO = YES;
				ONLY_ACTIVE_ARCH = YES;
				PROVISIONING_PROFILE = "";
				SDKROOT = iphoneos;
			};
			name = Debug;
		};
		000827BE1A0CA84E000F1680 /* Release */ = {
			isa = XCBuildConfiguration;
			buildSettings = {
				ALWAYS_SEARCH_USER_PATHS = NO;
				CLANG_CXX_LANGUAGE_STANDARD = "gnu++0x";
				CLANG_CXX_LIBRARY = "libc++";
				CLANG_ENABLE_MODULES = YES;
				CLANG_ENABLE_OBJC_ARC = YES;
				CLANG_WARN_BOOL_CONVERSION = YES;
				CLANG_WARN_CONSTANT_CONVERSION = YES;
				CLANG_WARN_DIRECT_OBJC_ISA_USAGE = YES_ERROR;
				CLANG_WARN_EMPTY_BODY = YES;
				CLANG_WARN_ENUM_CONVERSION = YES;
				CLANG_WARN_INT_CONVERSION = YES;
				CLANG_WARN_OBJC_ROOT_CLASS = YES_ERROR;
				CLANG_WARN_UNREACHABLE_CODE = YES;
				CLANG_WARN__DUPLICATE_METHOD_MATCH = YES;
				CODE_SIGN_IDENTITY = "iPhone Developer";
				"CODE_SIGN_IDENTITY[sdk=iphoneos*]" = "iPhone Developer";
				COPY_PHASE_STRIP = YES;
				ENABLE_NS_ASSERTIONS = NO;
				ENABLE_STRICT_OBJC_MSGSEND = YES;
				GCC_C_LANGUAGE_STANDARD = gnu99;
				GCC_WARN_64_TO_32_BIT_CONVERSION = YES;
				GCC_WARN_ABOUT_RETURN_TYPE = YES_ERROR;
				GCC_WARN_UNDECLARED_SELECTOR = YES;
				GCC_WARN_UNINITIALIZED_AUTOS = YES_AGGRESSIVE;
				GCC_WARN_UNUSED_FUNCTION = YES;
				GCC_WARN_UNUSED_VARIABLE = YES;
				IPHONEOS_DEPLOYMENT_TARGET = 8.1;
				MTL_ENABLE_DEBUG_INFO = NO;
				PROVISIONING_PROFILE = "";
				SDKROOT = iphoneos;
				VALIDATE_PRODUCT = YES;
			};
			name = Release;
		};
		000827C01A0CA84E000F1680 /* Debug */ = {
			isa = XCBuildConfiguration;
			baseConfigurationReference = 6918D30ED27914CB0A3CC390 /* Pods-Beacon.debug.xcconfig */;
			buildSettings = {
				ASSETCATALOG_COMPILER_APPICON_NAME = AppIcon;
				"CODE_SIGN_IDENTITY[sdk=iphoneos*]" = "iPhone Developer";
				INFOPLIST_FILE = Beacon/Info.plist;
				LD_RUNPATH_SEARCH_PATHS = "$(inherited) @executable_path/Frameworks";
				PRODUCT_NAME = "$(TARGET_NAME)";
				PROVISIONING_PROFILE = "";
			};
			name = Debug;
		};
		000827C11A0CA84E000F1680 /* Release */ = {
			isa = XCBuildConfiguration;
			baseConfigurationReference = 8BE8637E19BC1DD6933FCBE9 /* Pods-Beacon.release.xcconfig */;
			buildSettings = {
				ASSETCATALOG_COMPILER_APPICON_NAME = AppIcon;
				INFOPLIST_FILE = Beacon/Info.plist;
				LD_RUNPATH_SEARCH_PATHS = "$(inherited) @executable_path/Frameworks";
				PRODUCT_NAME = "$(TARGET_NAME)";
				PROVISIONING_PROFILE = "";
			};
			name = Release;
		};
		000827C31A0CA84E000F1680 /* Debug */ = {
			isa = XCBuildConfiguration;
			buildSettings = {
				BUNDLE_LOADER = "$(TEST_HOST)";
				FRAMEWORK_SEARCH_PATHS = (
					"$(SDKROOT)/Developer/Library/Frameworks",
					"$(inherited)",
				);
				GCC_PREPROCESSOR_DEFINITIONS = (
					"DEBUG=1",
					"$(inherited)",
				);
				INFOPLIST_FILE = BeaconTests/Info.plist;
				LD_RUNPATH_SEARCH_PATHS = "$(inherited) @executable_path/Frameworks @loader_path/Frameworks";
				PRODUCT_NAME = "$(TARGET_NAME)";
				TEST_HOST = "$(BUILT_PRODUCTS_DIR)/Beacon.app/Beacon";
			};
			name = Debug;
		};
		000827C41A0CA84E000F1680 /* Release */ = {
			isa = XCBuildConfiguration;
			buildSettings = {
				BUNDLE_LOADER = "$(TEST_HOST)";
				FRAMEWORK_SEARCH_PATHS = (
					"$(SDKROOT)/Developer/Library/Frameworks",
					"$(inherited)",
				);
				INFOPLIST_FILE = BeaconTests/Info.plist;
				LD_RUNPATH_SEARCH_PATHS = "$(inherited) @executable_path/Frameworks @loader_path/Frameworks";
				PRODUCT_NAME = "$(TARGET_NAME)";
				TEST_HOST = "$(BUILT_PRODUCTS_DIR)/Beacon.app/Beacon";
			};
			name = Release;
		};
/* End XCBuildConfiguration section */

/* Begin XCConfigurationList section */
		000827971A0CA84E000F1680 /* Build configuration list for PBXProject "Beacon" */ = {
			isa = XCConfigurationList;
			buildConfigurations = (
				000827BD1A0CA84E000F1680 /* Debug */,
				000827BE1A0CA84E000F1680 /* Release */,
			);
			defaultConfigurationIsVisible = 0;
			defaultConfigurationName = Release;
		};
		000827BF1A0CA84E000F1680 /* Build configuration list for PBXNativeTarget "Beacon" */ = {
			isa = XCConfigurationList;
			buildConfigurations = (
				000827C01A0CA84E000F1680 /* Debug */,
				000827C11A0CA84E000F1680 /* Release */,
			);
			defaultConfigurationIsVisible = 0;
			defaultConfigurationName = Release;
		};
		000827C21A0CA84E000F1680 /* Build configuration list for PBXNativeTarget "BeaconTests" */ = {
			isa = XCConfigurationList;
			buildConfigurations = (
				000827C31A0CA84E000F1680 /* Debug */,
				000827C41A0CA84E000F1680 /* Release */,
			);
			defaultConfigurationIsVisible = 0;
			defaultConfigurationName = Release;
		};
/* End XCConfigurationList section */
	};
	rootObject = 000827941A0CA84E000F1680 /* Project object */;
}
